
Microsoft Visual Studio Solution File, Format Version 12.00
# Visual Studio Version 17
VisualStudioVersion = 17.5.002.0
MinimumVisualStudioVersion = 10.0.40219.1
Project("{9A19103F-16F7-4668-BE54-9A1E7A4F7556}") = "MyBaseAPI", "MyBaseAPI\MyBaseAPI.csproj", "{BC6FD9FA-BC5B-40AB-93DB-DEADC676FBD1}"
EndProject
Global
	GlobalSection(SolutionConfigurationPlatforms) = preSolution
		Debug|Any CPU = Debug|Any CPU
		Release|Any CPU = Release|Any CPU
	EndGlobalSection
	GlobalSection(ProjectConfigurationPlatforms) = postSolution
		{BC6FD9FA-BC5B-40AB-93DB-DEADC676FBD1}.Debug|Any CPU.ActiveCfg = Debug|Any CPU
		{BC6FD9FA-BC5B-40AB-93DB-DEADC676FBD1}.Debug|Any CPU.Build.0 = Debug|Any CPU
		{BC6FD9FA-BC5B-40AB-93DB-DEADC676FBD1}.Release|Any CPU.ActiveCfg = Release|Any CPU
		{BC6FD9FA-BC5B-40AB-93DB-DEADC676FBD1}.Release|Any CPU.Build.0 = Release|Any CPU
	EndGlobalSection
	GlobalSection(SolutionProperties) = preSolution
		HideSolutionNode = FALSE
	EndGlobalSection
	GlobalSection(ExtensibilityGlobals) = postSolution
		SolutionGuid = {85940F06-5DAB-4676-8BC2-57C00E422A18}
	EndGlobalSection
EndGlobal
